
Microsoft Visual Studio Solution File, Format Version 12.00
# Visual Studio 2013
VisualStudioVersion = 12.0.31101.0
MinimumVisualStudioVersion = 10.0.40219.1
Project("{2150E333-8FDC-42A3-9474-1A3956D46DE8}") = "Data", "Data", "{121DEAD5-97FC-4051-ABBD-B5D5926E72DA}"
EndProject
Project("{2150E333-8FDC-42A3-9474-1A3956D46DE8}") = "Apps", "Apps", "{77D0F64F-8E00-478D-A8EC-1467D6D6FD5B}"
EndProject
Project("{FAE04EC0-301F-11D3-BF4B-00C04F79EFBC}") = "SupermarketChain.Data.DataContext", "SupermarketChain.Data.DataContext\SupermarketChain.Data.DataContext.csproj", "{CC4B6737-1ABF-495F-B928-E0BBC1B0AE7C}"
EndProject
Project("{FAE04EC0-301F-11D3-BF4B-00C04F79EFBC}") = "SupermarketChain.Data.Models", "SupermarketChain.Data.Models\SupermarketChain.Data.Models.csproj", "{0A4E51E9-DE65-4180-AB57-FECFDF574D8E}"
EndProject
Project("{FAE04EC0-301F-11D3-BF4B-00C04F79EFBC}") = "SupermarketChain.Data.Common", "SupermarketChain.Data.Common\SupermarketChain.Data.Common.csproj", "{45B8E943-164A-4EF7-89FE-605616B16A84}"
EndProject
Project("{FAE04EC0-301F-11D3-BF4B-00C04F79EFBC}") = "SupermarketChain.Common", "SupermarketChain.Common\SupermarketChain.Common.csproj", "{5D766DA9-2FE3-46ED-9EB9-15F4CA616D7E}"
EndProject
Project("{2150E333-8FDC-42A3-9474-1A3956D46DE8}") = ".nuget", ".nuget", "{E1ABA4FF-BEB9-416F-A182-E387B24A7E25}"
	ProjectSection(SolutionItems) = preProject
		.nuget\NuGet.Config = .nuget\NuGet.Config
		.nuget\NuGet.exe = .nuget\NuGet.exe
		.nuget\NuGet.targets = .nuget\NuGet.targets
	EndProjectSection
EndProject
Project("{FAE04EC0-301F-11D3-BF4B-00C04F79EFBC}") = "SupermarketChain.Data.Contracts", "SupermarketChain.Data.Contracts\SupermarketChain.Data.Contracts.csproj", "{68944AFE-69FD-4D50-A625-54708527516D}"
EndProject
Project("{2150E333-8FDC-42A3-9474-1A3956D46DE8}") = "Services", "Services", "{394BE658-ADC8-4021-85BA-E1D0F4FF3655}"
EndProject
Project("{FAE04EC0-301F-11D3-BF4B-00C04F79EFBC}") = "SupermarketChain.Services.OracleExporter", "SupermarketChain.Services.OracleExporter\SupermarketChain.Services.OracleExporter.csproj", "{D5A57E56-E0DC-4753-9174-08A31E19BEB8}"
EndProject
Project("{2150E333-8FDC-42A3-9474-1A3956D46DE8}") = "Hosts", "Hosts", "{ED31FA6B-2657-48B7-AC9D-27D54243EED3}"
EndProject
Project("{FAE04EC0-301F-11D3-BF4B-00C04F79EFBC}") = "SupermarketChain.Services.Hosts.OracleExporterHost", "SupermarketChain.Services.Hosts.OracleExporterHost\SupermarketChain.Services.Hosts.OracleExporterHost.csproj", "{024A1E2D-C20F-40EE-9AF2-34CEF7C0F88C}"
EndProject
Project("{FAE04EC0-301F-11D3-BF4B-00C04F79EFBC}") = "SupermarketChain.Client", "SupermarketChain.Client\SupermarketChain.Client.csproj", "{3E85B3EF-4A3D-4EAC-B4CD-CA1B748DE024}"
EndProject
Project("{FAE04EC0-301F-11D3-BF4B-00C04F79EFBC}") = "SupermarketChain.Apps.PdfReportGenerator", "SupermarketChain.Apps.PdfReportGenerator\SupermarketChain.Apps.PdfReportGenerator.csproj", "{A68F3FEA-CA16-40C1-976C-437FA9E5CA74}"
EndProject
Project("{FAE04EC0-301F-11D3-BF4B-00C04F79EFBC}") = "SupermarketChain.Apps.XmlReportGenerator", "SupermarketChain.Apps.XmlReportGenerator\SupermarketChain.Apps.XmlReportGenerator.csproj", "{0F09E939-48E2-46DA-87DF-BF32E7BBEA38}"
EndProject
Project("{FAE04EC0-301F-11D3-BF4B-00C04F79EFBC}") = "SupermarketChain.Apps.XmlExpenseImport", "SupermarketChain.Apps.XmlExpenseImport\SupermarketChain.Apps.XmlExpenseImport.csproj", "{225399A2-BC49-49A1-8273-7C83103DC7D8}"
EndProject
Global
	GlobalSection(SolutionConfigurationPlatforms) = preSolution
		Debug|Any CPU = Debug|Any CPU
		Release|Any CPU = Release|Any CPU
	EndGlobalSection
	GlobalSection(ProjectConfigurationPlatforms) = postSolution
		{CC4B6737-1ABF-495F-B928-E0BBC1B0AE7C}.Debug|Any CPU.ActiveCfg = Debug|Any CPU
		{CC4B6737-1ABF-495F-B928-E0BBC1B0AE7C}.Debug|Any CPU.Build.0 = Debug|Any CPU
		{CC4B6737-1ABF-495F-B928-E0BBC1B0AE7C}.Release|Any CPU.ActiveCfg = Release|Any CPU
		{CC4B6737-1ABF-495F-B928-E0BBC1B0AE7C}.Release|Any CPU.Build.0 = Release|Any CPU
		{0A4E51E9-DE65-4180-AB57-FECFDF574D8E}.Debug|Any CPU.ActiveCfg = Debug|Any CPU
		{0A4E51E9-DE65-4180-AB57-FECFDF574D8E}.Debug|Any CPU.Build.0 = Debug|Any CPU
		{0A4E51E9-DE65-4180-AB57-FECFDF574D8E}.Release|Any CPU.ActiveCfg = Release|Any CPU
		{0A4E51E9-DE65-4180-AB57-FECFDF574D8E}.Release|Any CPU.Build.0 = Release|Any CPU
		{45B8E943-164A-4EF7-89FE-605616B16A84}.Debug|Any CPU.ActiveCfg = Debug|Any CPU
		{45B8E943-164A-4EF7-89FE-605616B16A84}.Debug|Any CPU.Build.0 = Debug|Any CPU
		{45B8E943-164A-4EF7-89FE-605616B16A84}.Release|Any CPU.ActiveCfg = Release|Any CPU
		{45B8E943-164A-4EF7-89FE-605616B16A84}.Release|Any CPU.Build.0 = Release|Any CPU
		{5D766DA9-2FE3-46ED-9EB9-15F4CA616D7E}.Debug|Any CPU.ActiveCfg = Debug|Any CPU
		{5D766DA9-2FE3-46ED-9EB9-15F4CA616D7E}.Debug|Any CPU.Build.0 = Debug|Any CPU
		{5D766DA9-2FE3-46ED-9EB9-15F4CA616D7E}.Release|Any CPU.ActiveCfg = Release|Any CPU
		{5D766DA9-2FE3-46ED-9EB9-15F4CA616D7E}.Release|Any CPU.Build.0 = Release|Any CPU
		{68944AFE-69FD-4D50-A625-54708527516D}.Debug|Any CPU.ActiveCfg = Debug|Any CPU
		{68944AFE-69FD-4D50-A625-54708527516D}.Debug|Any CPU.Build.0 = Debug|Any CPU
		{68944AFE-69FD-4D50-A625-54708527516D}.Release|Any CPU.ActiveCfg = Release|Any CPU
		{68944AFE-69FD-4D50-A625-54708527516D}.Release|Any CPU.Build.0 = Release|Any CPU
		{D5A57E56-E0DC-4753-9174-08A31E19BEB8}.Debug|Any CPU.ActiveCfg = Debug|Any CPU
		{D5A57E56-E0DC-4753-9174-08A31E19BEB8}.Debug|Any CPU.Build.0 = Debug|Any CPU
		{D5A57E56-E0DC-4753-9174-08A31E19BEB8}.Release|Any CPU.ActiveCfg = Release|Any CPU
		{D5A57E56-E0DC-4753-9174-08A31E19BEB8}.Release|Any CPU.Build.0 = Release|Any CPU
		{024A1E2D-C20F-40EE-9AF2-34CEF7C0F88C}.Debug|Any CPU.ActiveCfg = Debug|Any CPU
		{024A1E2D-C20F-40EE-9AF2-34CEF7C0F88C}.Debug|Any CPU.Build.0 = Debug|Any CPU
		{024A1E2D-C20F-40EE-9AF2-34CEF7C0F88C}.Release|Any CPU.ActiveCfg = Release|Any CPU
		{024A1E2D-C20F-40EE-9AF2-34CEF7C0F88C}.Release|Any CPU.Build.0 = Release|Any CPU
		{3E85B3EF-4A3D-4EAC-B4CD-CA1B748DE024}.Debug|Any CPU.ActiveCfg = Debug|Any CPU
		{3E85B3EF-4A3D-4EAC-B4CD-CA1B748DE024}.Debug|Any CPU.Build.0 = Debug|Any CPU
		{3E85B3EF-4A3D-4EAC-B4CD-CA1B748DE024}.Release|Any CPU.ActiveCfg = Release|Any CPU
		{3E85B3EF-4A3D-4EAC-B4CD-CA1B748DE024}.Release|Any CPU.Build.0 = Release|Any CPU
		{A68F3FEA-CA16-40C1-976C-437FA9E5CA74}.Debug|Any CPU.ActiveCfg = Debug|Any CPU
		{A68F3FEA-CA16-40C1-976C-437FA9E5CA74}.Debug|Any CPU.Build.0 = Debug|Any CPU
		{A68F3FEA-CA16-40C1-976C-437FA9E5CA74}.Release|Any CPU.ActiveCfg = Release|Any CPU
		{A68F3FEA-CA16-40C1-976C-437FA9E5CA74}.Release|Any CPU.Build.0 = Release|Any CPU
		{0F09E939-48E2-46DA-87DF-BF32E7BBEA38}.Debug|Any CPU.ActiveCfg = Debug|Any CPU
		{0F09E939-48E2-46DA-87DF-BF32E7BBEA38}.Debug|Any CPU.Build.0 = Debug|Any CPU
		{0F09E939-48E2-46DA-87DF-BF32E7BBEA38}.Release|Any CPU.ActiveCfg = Release|Any CPU
		{0F09E939-48E2-46DA-87DF-BF32E7BBEA38}.Release|Any CPU.Build.0 = Release|Any CPU
		{225399A2-BC49-49A1-8273-7C83103DC7D8}.Debug|Any CPU.ActiveCfg = Debug|Any CPU
		{225399A2-BC49-49A1-8273-7C83103DC7D8}.Debug|Any CPU.Build.0 = Debug|Any CPU
		{225399A2-BC49-49A1-8273-7C83103DC7D8}.Release|Any CPU.ActiveCfg = Release|Any CPU
		{225399A2-BC49-49A1-8273-7C83103DC7D8}.Release|Any CPU.Build.0 = Release|Any CPU
	EndGlobalSection
	GlobalSection(SolutionProperties) = preSolution
		HideSolutionNode = FALSE
	EndGlobalSection
	GlobalSection(NestedProjects) = preSolution
		{CC4B6737-1ABF-495F-B928-E0BBC1B0AE7C} = {121DEAD5-97FC-4051-ABBD-B5D5926E72DA}
		{0A4E51E9-DE65-4180-AB57-FECFDF574D8E} = {121DEAD5-97FC-4051-ABBD-B5D5926E72DA}
		{45B8E943-164A-4EF7-89FE-605616B16A84} = {121DEAD5-97FC-4051-ABBD-B5D5926E72DA}
		{68944AFE-69FD-4D50-A625-54708527516D} = {121DEAD5-97FC-4051-ABBD-B5D5926E72DA}
		{D5A57E56-E0DC-4753-9174-08A31E19BEB8} = {394BE658-ADC8-4021-85BA-E1D0F4FF3655}
		{ED31FA6B-2657-48B7-AC9D-27D54243EED3} = {394BE658-ADC8-4021-85BA-E1D0F4FF3655}
		{024A1E2D-C20F-40EE-9AF2-34CEF7C0F88C} = {ED31FA6B-2657-48B7-AC9D-27D54243EED3}
		{3E85B3EF-4A3D-4EAC-B4CD-CA1B748DE024} = {77D0F64F-8E00-478D-A8EC-1467D6D6FD5B}
		{A68F3FEA-CA16-40C1-976C-437FA9E5CA74} = {77D0F64F-8E00-478D-A8EC-1467D6D6FD5B}
		{0F09E939-48E2-46DA-87DF-BF32E7BBEA38} = {77D0F64F-8E00-478D-A8EC-1467D6D6FD5B}
		{225399A2-BC49-49A1-8273-7C83103DC7D8} = {77D0F64F-8E00-478D-A8EC-1467D6D6FD5B}
	EndGlobalSection
	GlobalSection(ExtensibilityGlobals) = postSolution
		EnterpriseLibraryConfigurationToolBinariesPath = packages\Unity.2.1.505.0\lib\NET35
	EndGlobalSection
EndGlobal
