
Microsoft Visual Studio Solution File, Format Version 12.00
# Visual Studio 2013
VisualStudioVersion = 12.0.31101.0
MinimumVisualStudioVersion = 10.0.40219.1
Project("{2150E333-8FDC-42A3-9474-1A3956D46DE8}") = "Data", "Data", "{121DEAD5-97FC-4051-ABBD-B5D5926E72DA}"
EndProject
Project("{2150E333-8FDC-42A3-9474-1A3956D46DE8}") = "Apps", "Apps", "{77D0F64F-8E00-478D-A8EC-1467D6D6FD5B}"
EndProject
Project("{FAE04EC0-301F-11D3-BF4B-00C04F79EFBC}") = "SupermarketChain.Data.DataContext", "SupermarketChain.Data.DataContext\SupermarketChain.Data.DataContext.csproj", "{CC4B6737-1ABF-495F-B928-E0BBC1B0AE7C}"
EndProject
Project("{FAE04EC0-301F-11D3-BF4B-00C04F79EFBC}") = "SupermarketChain.Data.Models", "SupermarketChain.Data.Models\SupermarketChain.Data.Models.csproj", "{0A4E51E9-DE65-4180-AB57-FECFDF574D8E}"
EndProject
Project("{FAE04EC0-301F-11D3-BF4B-00C04F79EFBC}") = "SupermarketChain.Data.Common", "SupermarketChain.Data.Common\SupermarketChain.Data.Common.csproj", "{D7F9A5BD-DAD9-424E-A0D1-28521997D018}"
EndProject
Project("{FAE04EC0-301F-11D3-BF4B-00C04F79EFBC}") = "SupermarketChain.Common", "SupermarketChain.Common\SupermarketChain.Common.csproj", "{6C652760-7312-4B74-911B-20CBEF105A82}"
EndProject
Global
	GlobalSection(SolutionConfigurationPlatforms) = preSolution
		Debug|Any CPU = Debug|Any CPU
		Release|Any CPU = Release|Any CPU
	EndGlobalSection
	GlobalSection(ProjectConfigurationPlatforms) = postSolution
		{CC4B6737-1ABF-495F-B928-E0BBC1B0AE7C}.Debug|Any CPU.ActiveCfg = Debug|Any CPU
		{CC4B6737-1ABF-495F-B928-E0BBC1B0AE7C}.Debug|Any CPU.Build.0 = Debug|Any CPU
		{CC4B6737-1ABF-495F-B928-E0BBC1B0AE7C}.Release|Any CPU.ActiveCfg = Release|Any CPU
		{CC4B6737-1ABF-495F-B928-E0BBC1B0AE7C}.Release|Any CPU.Build.0 = Release|Any CPU
		{0A4E51E9-DE65-4180-AB57-FECFDF574D8E}.Debug|Any CPU.ActiveCfg = Debug|Any CPU
		{0A4E51E9-DE65-4180-AB57-FECFDF574D8E}.Debug|Any CPU.Build.0 = Debug|Any CPU
		{0A4E51E9-DE65-4180-AB57-FECFDF574D8E}.Release|Any CPU.ActiveCfg = Release|Any CPU
		{0A4E51E9-DE65-4180-AB57-FECFDF574D8E}.Release|Any CPU.Build.0 = Release|Any CPU
		{D7F9A5BD-DAD9-424E-A0D1-28521997D018}.Debug|Any CPU.ActiveCfg = Debug|Any CPU
		{D7F9A5BD-DAD9-424E-A0D1-28521997D018}.Debug|Any CPU.Build.0 = Debug|Any CPU
		{D7F9A5BD-DAD9-424E-A0D1-28521997D018}.Release|Any CPU.ActiveCfg = Release|Any CPU
		{D7F9A5BD-DAD9-424E-A0D1-28521997D018}.Release|Any CPU.Build.0 = Release|Any CPU
		{6C652760-7312-4B74-911B-20CBEF105A82}.Debug|Any CPU.ActiveCfg = Debug|Any CPU
		{6C652760-7312-4B74-911B-20CBEF105A82}.Debug|Any CPU.Build.0 = Debug|Any CPU
		{6C652760-7312-4B74-911B-20CBEF105A82}.Release|Any CPU.ActiveCfg = Release|Any CPU
		{6C652760-7312-4B74-911B-20CBEF105A82}.Release|Any CPU.Build.0 = Release|Any CPU
	EndGlobalSection
	GlobalSection(SolutionProperties) = preSolution
		HideSolutionNode = FALSE
	EndGlobalSection
	GlobalSection(NestedProjects) = preSolution
		{CC4B6737-1ABF-495F-B928-E0BBC1B0AE7C} = {121DEAD5-97FC-4051-ABBD-B5D5926E72DA}
		{0A4E51E9-DE65-4180-AB57-FECFDF574D8E} = {121DEAD5-97FC-4051-ABBD-B5D5926E72DA}
		{D7F9A5BD-DAD9-424E-A0D1-28521997D018} = {121DEAD5-97FC-4051-ABBD-B5D5926E72DA}
	EndGlobalSection
EndGlobal
